{
  "version": 4,
  "terraform_version": "1.13.3",
  "serial": 10,
  "lineage": "16cc19cc-e628-3c64-3ba8-05f9bdcc4e9c",
  "outputs": {},
  "resources": [
    {
      "mode": "data",
      "type": "aws_caller_identity",
      "name": "current",
      "provider": "provider[\"registry.terraform.io/hashicorp/aws\"]",
      "instances": [
        {
          "schema_version": 0,
          "attributes": {
            "account_id": "387706002632",
            "arn": "arn:aws:sts::387706002632:assumed-role/AWSReservedSSO_AdministratorAccess_0d5a3e15fda076f9/shirley_feng",
            "id": "387706002632",
            "user_id": "AROAVURIUDTEPGFT4OY6B:shirley_feng"
          },
          "sensitive_attributes": [],
          "identity_schema_version": 0
        }
      ]
    },
    {
      "mode": "managed",
      "type": "aws_s3_bucket",
      "name": "tf_state",
      "provider": "provider[\"registry.terraform.io/hashicorp/aws\"]",
      "instances": [
        {
          "schema_version": 0,
          "attributes": {
            "acceleration_status": "",
            "acl": null,
            "arn": "arn:aws:s3:::bikeshare-paris-tfstate-387706002632-eu-west-3",
            "bucket": "bikeshare-paris-tfstate-387706002632-eu-west-3",
            "bucket_domain_name": "bikeshare-paris-tfstate-387706002632-eu-west-3.s3.amazonaws.com",
            "bucket_prefix": "",
            "bucket_regional_domain_name": "bikeshare-paris-tfstate-387706002632-eu-west-3.s3.eu-west-3.amazonaws.com",
            "cors_rule": [],
            "force_destroy": false,
            "grant": [
              {
                "id": "24499e464468093bce343ac72a4e28b3e5a48a3c67c890f626620792a6febad3",
                "permissions": [
                  "FULL_CONTROL"
                ],
                "type": "CanonicalUser",
                "uri": ""
              }
            ],
            "hosted_zone_id": "Z3R1K369G5AVDG",
            "id": "bikeshare-paris-tfstate-387706002632-eu-west-3",
            "lifecycle_rule": [],
            "logging": [],
            "object_lock_configuration": [],
            "object_lock_enabled": false,
            "policy": "",
            "region": "eu-west-3",
            "replication_configuration": [],
            "request_payer": "BucketOwner",
            "server_side_encryption_configuration": [
              {
                "rule": [
                  {
                    "apply_server_side_encryption_by_default": [
                      {
                        "kms_master_key_id": "",
                        "sse_algorithm": "AES256"
                      }
                    ],
                    "bucket_key_enabled": false
                  }
                ]
              }
            ],
            "tags": {
              "ManagedBy": "terraform",
              "Project": "bikeshare-paris",
              "Stack": "bootstrap"
            },
            "tags_all": {
              "ManagedBy": "terraform",
              "Project": "bikeshare-paris",
              "Stack": "bootstrap"
            },
            "timeouts": null,
            "versioning": [
              {
                "enabled": true,
                "mfa_delete": false
              }
            ],
            "website": [],
            "website_domain": null,
            "website_endpoint": null
          },
          "sensitive_attributes": [],
          "identity_schema_version": 0,
          "private": "eyJlMmJmYjczMC1lY2FhLTExZTYtOGY4OC0zNDM2M2JjN2M0YzAiOnsiY3JlYXRlIjoxMjAwMDAwMDAwMDAwLCJkZWxldGUiOjM2MDAwMDAwMDAwMDAsInJlYWQiOjEyMDAwMDAwMDAwMDAsInVwZGF0ZSI6MTIwMDAwMDAwMDAwMH19",
          "dependencies": [
            "data.aws_caller_identity.current"
          ]
        }
      ]
    }
  ],
  "check_results": null
}
